// !$*UTF8*$!
{
	archiveVersion = 1;
	classes = {
	};
	objectVersion = 46;
	objects = {

/* Begin PBXBuildFile section */
		E5414FD01E79B23B009F429E /* main.cpp in Sources */ = {isa = PBXBuildFile; fileRef = E5414FCF1E79B23B009F429E /* main.cpp */; };
/* End PBXBuildFile section */

/* Begin PBXCopyFilesBuildPhase section */
		E5414FCA1E79B23A009F429E /* CopyFiles */ = {
			isa = PBXCopyFilesBuildPhase;
			buildActionMask = 2147483647;
			dstPath = /usr/share/man/man1/;
			dstSubfolderSpec = 0;
			files = (
			);
			runOnlyForDeploymentPostprocessing = 1;
		};
/* End PBXCopyFilesBuildPhase section */

/* Begin PBXFileReference section */
		E5414FCC1E79B23B009F429E /* 83.Remove_Duplicates_from_Sorted_List */ = {isa = PBXFileReference; explicitFileType = "compiled.mach-o.executable"; includeInIndex = 0; path = 83.Remove_Duplicates_from_Sorted_List; sourceTree = BUILT_PRODUCTS_DIR; };
		E5414FCF1E79B23B009F429E /* main.cpp */ = {isa = PBXFileReference; lastKnownFileType = sourcecode.cpp.cpp; path = main.cpp; sourceTree = "<group>"; };
/* End PBXFileReference section */

/* Begin PBXFrameworksBuildPhase section */
		E5414FC91E79B23A009F429E /* Frameworks */ = {
			isa = PBXFrameworksBuildPhase;
			buildActionMask = 2147483647;
			files = (
			);
			runOnlyForDeploymentPostprocessing = 0;
		};
/* End PBXFrameworksBuildPhase section */

/* Begin PBXGroup section */
		E5414FC31E79B23A009F429E = {
			isa = PBXGroup;
			children = (
				E5414FCE1E79B23B009F429E /* 83.Remove_Duplicates_from_Sorted_List */,
				E5414FCD1E79B23B009F429E /* Products */,
			);
			sourceTree = "<group>";
		};
		E5414FCD1E79B23B009F429E /* Products */ = {
			isa = PBXGroup;
			children = (
				E5414FCC1E79B23B009F429E /* 83.Remove_Duplicates_from_Sorted_List */,
			);
			name = Products;
			sourceTree = "<group>";
		};
		E5414FCE1E79B23B009F429E /* 83.Remove_Duplicates_from_Sorted_List */ = {
			isa = PBXGroup;
			children = (
				E5414FCF1E79B23B009F429E /* main.cpp */,
			);
			path = 83.Remove_Duplicates_from_Sorted_List;
			sourceTree = "<group>";
		};
/* End PBXGroup section */

/* Begin PBXNativeTarget section */
		E5414FCB1E79B23A009F429E /* 83.Remove_Duplicates_from_Sorted_List */ = {
			isa = PBXNativeTarget;
			buildConfigurationList = E5414FD31E79B23B009F429E /* Build configuration list for PBXNativeTarget "83.Remove_Duplicates_from_Sorted_List" */;
			buildPhases = (
				E5414FC81E79B23A009F429E /* Sources */,
				E5414FC91E79B23A009F429E /* Frameworks */,
				E5414FCA1E79B23A009F429E /* CopyFiles */,
			);
			buildRules = (
			);
			dependencies = (
			);
			name = 83.Remove_Duplicates_from_Sorted_List;
			productName = 83.Remove_Duplicates_from_Sorted_List;
			productReference = E5414FCC1E79B23B009F429E /* 83.Remove_Duplicates_from_Sorted_List */;
			productType = "com.apple.product-type.tool";
		};
/* End PBXNativeTarget section */

/* Begin PBXProject section */
		E5414FC41E79B23A009F429E /* Project object */ = {
			isa = PBXProject;
			attributes = {
				LastUpgradeCheck = 0820;
				ORGANIZATIONNAME = ckend;
				TargetAttributes = {
					E5414FCB1E79B23A009F429E = {
						CreatedOnToolsVersion = 8.2.1;
						ProvisioningStyle = Automatic;
					};
				};
			};
			buildConfigurationList = E5414FC71E79B23A009F429E /* Build configuration list for PBXProject "83.Remove_Duplicates_from_Sorted_List" */;
			compatibilityVersion = "Xcode 3.2";
			developmentRegion = English;
			hasScannedForEncodings = 0;
			knownRegions = (
				en,
			);
			mainGroup = E5414FC31E79B23A009F429E;
			productRefGroup = E5414FCD1E79B23B009F429E /* Products */;
			projectDirPath = "";
			projectRoot = "";
			targets = (
				E5414FCB1E79B23A009F429E /* 83.Remove_Duplicates_from_Sorted_List */,
			);
		};
/* End PBXProject section */

/* Begin PBXSourcesBuildPhase section */
		E5414FC81E79B23A009F429E /* Sources */ = {
			isa = PBXSourcesBuildPhase;
			buildActionMask = 2147483647;
			files = (
				E5414FD01E79B23B009F429E /* main.cpp in Sources */,
			);
			runOnlyForDeploymentPostprocessing = 0;
		};
/* End PBXSourcesBuildPhase section */

/* Begin XCBuildConfiguration section */
		E5414FD11E79B23B009F429E /* Debug */ = {
			isa = XCBuildConfiguration;
			buildSettings = {
				ALWAYS_SEARCH_USER_PATHS = NO;
				CLANG_ANALYZER_NONNULL = YES;
				CLANG_CXX_LANGUAGE_STANDARD = "gnu++0x";
				CLANG_CXX_LIBRARY = "libc++";
				CLANG_ENABLE_MODULES = YES;
				CLANG_ENABLE_OBJC_ARC = YES;
				CLANG_WARN_BOOL_CONVERSION = YES;
				CLANG_WARN_CONSTANT_CONVERSION = YES;
				CLANG_WARN_DIRECT_OBJC_ISA_USAGE = YES_ERROR;
				CLANG_WARN_DOCUMENTATION_COMMENTS = YES;
				CLANG_WARN_EMPTY_BODY = YES;
				CLANG_WARN_ENUM_CONVERSION = YES;
				CLANG_WARN_INFINITE_RECURSION = YES;
				CLANG_WARN_INT_CONVERSION = YES;
				CLANG_WARN_OBJC_ROOT_CLASS = YES_ERROR;
				CLANG_WARN_SUSPICIOUS_MOVE = YES;
				CLANG_WARN_UNREACHABLE_CODE = YES;
				CLANG_WARN__DUPLICATE_METHOD_MATCH = YES;
				CODE_SIGN_IDENTITY = "-";
				COPY_PHASE_STRIP = NO;
				DEBUG_INFORMATION_FORMAT = dwarf;
				ENABLE_STRICT_OBJC_MSGSEND = YES;
				ENABLE_TESTABILITY = YES;
				GCC_C_LANGUAGE_STANDARD = gnu99;
				GCC_DYNAMIC_NO_PIC = NO;
				GCC_NO_COMMON_BLOCKS = YES;
				GCC_OPTIMIZATION_LEVEL = 0;
				GCC_PREPROCESSOR_DEFINITIONS = (
					"DEBUG=1",
					"$(inherited)",
				);
				GCC_WARN_64_TO_32_BIT_CONVERSION = YES;
				GCC_WARN_ABOUT_RETURN_TYPE = YES_ERROR;
				GCC_WARN_UNDECLARED_SELECTOR = YES;
				GCC_WARN_UNINITIALIZED_AUTOS = YES_AGGRESSIVE;
				GCC_WARN_UNUSED_FUNCTION = YES;
				GCC_WARN_UNUSED_VARIABLE = YES;
				MACOSX_DEPLOYMENT_TARGET = 10.12;
				MTL_ENABLE_DEBUG_INFO = YES;
				ONLY_ACTIVE_ARCH = YES;
				SDKROOT = macosx;
			};
			name = Debug;
		};
		E5414FD21E79B23B009F429E /* Release */ = {
			isa = XCBuildConfiguration;
			buildSettings = {
				ALWAYS_SEARCH_USER_PATHS = NO;
				CLANG_ANALYZER_NONNULL = YES;
				CLANG_CXX_LANGUAGE_STANDARD = "gnu++0x";
				CLANG_CXX_LIBRARY = "libc++";
				CLANG_ENABLE_MODULES = YES;
				CLANG_ENABLE_OBJC_ARC = YES;
				CLANG_WARN_BOOL_CONVERSION = YES;
				CLANG_WARN_CONSTANT_CONVERSION = YES;
				CLANG_WARN_DIRECT_OBJC_ISA_USAGE = YES_ERROR;
				CLANG_WARN_DOCUMENTATION_COMMENTS = YES;
				CLANG_WARN_EMPTY_BODY = YES;
				CLANG_WARN_ENUM_CONVERSION = YES;
				CLANG_WARN_INFINITE_RECURSION = YES;
				CLANG_WARN_INT_CONVERSION = YES;
				CLANG_WARN_OBJC_ROOT_CLASS = YES_ERROR;
				CLANG_WARN_SUSPICIOUS_MOVE = YES;
				CLANG_WARN_UNREACHABLE_CODE = YES;
				CLANG_WARN__DUPLICATE_METHOD_MATCH = YES;
				CODE_SIGN_IDENTITY = "-";
				COPY_PHASE_STRIP = NO;
				DEBUG_INFORMATION_FORMAT = "dwarf-with-dsym";
				ENABLE_NS_ASSERTIONS = NO;
				ENABLE_STRICT_OBJC_MSGSEND = YES;
				GCC_C_LANGUAGE_STANDARD = gnu99;
				GCC_NO_COMMON_BLOCKS = YES;
				GCC_WARN_64_TO_32_BIT_CONVERSION = YES;
				GCC_WARN_ABOUT_RETURN_TYPE = YES_ERROR;
				GCC_WARN_UNDECLARED_SELECTOR = YES;
				GCC_WARN_UNINITIALIZED_AUTOS = YES_AGGRESSIVE;
				GCC_WARN_UNUSED_FUNCTION = YES;
				GCC_WARN_UNUSED_VARIABLE = YES;
				MACOSX_DEPLOYMENT_TARGET = 10.12;
				MTL_ENABLE_DEBUG_INFO = NO;
				SDKROOT = macosx;
			};
			name = Release;
		};
		E5414FD41E79B23B009F429E /* Debug */ = {
			isa = XCBuildConfiguration;
			buildSettings = {
				PRODUCT_NAME = "$(TARGET_NAME)";
			};
			name = Debug;
		};
		E5414FD51E79B23B009F429E /* Release */ = {
			isa = XCBuildConfiguration;
			buildSettings = {
				PRODUCT_NAME = "$(TARGET_NAME)";
			};
			name = Release;
		};
/* End XCBuildConfiguration section */

/* Begin XCConfigurationList section */
		E5414FC71E79B23A009F429E /* Build configuration list for PBXProject "83.Remove_Duplicates_from_Sorted_List" */ = {
			isa = XCConfigurationList;
			buildConfigurations = (
				E5414FD11E79B23B009F429E /* Debug */,
				E5414FD21E79B23B009F429E /* Release */,
			);
			defaultConfigurationIsVisible = 0;
			defaultConfigurationName = Release;
		};
		E5414FD31E79B23B009F429E /* Build configuration list for PBXNativeTarget "83.Remove_Duplicates_from_Sorted_List" */ = {
			isa = XCConfigurationList;
			buildConfigurations = (
				E5414FD41E79B23B009F429E /* Debug */,
				E5414FD51E79B23B009F429E /* Release */,
			);
			defaultConfigurationIsVisible = 0;
		};
/* End XCConfigurationList section */
	};
	rootObject = E5414FC41E79B23A009F429E /* Project object */;
}
